
Microsoft Visual Studio Solution File, Format Version 12.00
# Visual Studio Version 17
VisualStudioVersion = 17.13.35919.96 d17.13
MinimumVisualStudioVersion = 10.0.40219.1
Project("{FAE04EC0-301F-11D3-BF4B-00C04F79EFBC}") = "StudentManagementApp_v2", "StudentManagementApp_v2\StudentManagementApp_v2.csproj", "{DC9A3EF9-5918-4E3D-BC93-7FD54247DE51}"
EndProject
Global
	GlobalSection(SolutionConfigurationPlatforms) = preSolution
		Debug|Any CPU = Debug|Any CPU
		Release|Any CPU = Release|Any CPU
	EndGlobalSection
	GlobalSection(ProjectConfigurationPlatforms) = postSolution
		{DC9A3EF9-5918-4E3D-BC93-7FD54247DE51}.Debug|Any CPU.ActiveCfg = Debug|Any CPU
		{DC9A3EF9-5918-4E3D-BC93-7FD54247DE51}.Debug|Any CPU.Build.0 = Debug|Any CPU
		{DC9A3EF9-5918-4E3D-BC93-7FD54247DE51}.Release|Any CPU.ActiveCfg = Release|Any CPU
		{DC9A3EF9-5918-4E3D-BC93-7FD54247DE51}.Release|Any CPU.Build.0 = Release|Any CPU
	EndGlobalSection
	GlobalSection(SolutionProperties) = preSolution
		HideSolutionNode = FALSE
	EndGlobalSection
	GlobalSection(ExtensibilityGlobals) = postSolution
		SolutionGuid = {4178DC66-D4CA-47E4-A706-5EEE2E900695}
	EndGlobalSection
EndGlobal
