
Microsoft Visual Studio Solution File, Format Version 12.00
# Visual Studio Version 17
VisualStudioVersion = 17.13.35919.96 d17.13
MinimumVisualStudioVersion = 10.0.40219.1
Project("{FAE04EC0-301F-11D3-BF4B-00C04F79EFBC}") = "StructBasics", "StructBasics\StructBasics.csproj", "{D5B9A4AE-86D4-4FB7-9D47-AC3C0D2413C8}"
EndProject
Global
	GlobalSection(SolutionConfigurationPlatforms) = preSolution
		Debug|Any CPU = Debug|Any CPU
		Release|Any CPU = Release|Any CPU
	EndGlobalSection
	GlobalSection(ProjectConfigurationPlatforms) = postSolution
		{D5B9A4AE-86D4-4FB7-9D47-AC3C0D2413C8}.Debug|Any CPU.ActiveCfg = Debug|Any CPU
		{D5B9A4AE-86D4-4FB7-9D47-AC3C0D2413C8}.Debug|Any CPU.Build.0 = Debug|Any CPU
		{D5B9A4AE-86D4-4FB7-9D47-AC3C0D2413C8}.Release|Any CPU.ActiveCfg = Release|Any CPU
		{D5B9A4AE-86D4-4FB7-9D47-AC3C0D2413C8}.Release|Any CPU.Build.0 = Release|Any CPU
	EndGlobalSection
	GlobalSection(SolutionProperties) = preSolution
		HideSolutionNode = FALSE
	EndGlobalSection
	GlobalSection(ExtensibilityGlobals) = postSolution
		SolutionGuid = {8E850075-46D3-49B1-9800-C19081BAB719}
	EndGlobalSection
EndGlobal
