
Microsoft Visual Studio Solution File, Format Version 12.00
# Visual Studio Version 17
VisualStudioVersion = 17.13.35919.96 d17.13
MinimumVisualStudioVersion = 10.0.40219.1
Project("{FAE04EC0-301F-11D3-BF4B-00C04F79EFBC}") = "Beerpong", "Beerpong\Beerpong.csproj", "{62A18290-008D-4652-BBA1-1AB61CD826DA}"
EndProject
Global
	GlobalSection(SolutionConfigurationPlatforms) = preSolution
		Debug|Any CPU = Debug|Any CPU
		Release|Any CPU = Release|Any CPU
	EndGlobalSection
	GlobalSection(ProjectConfigurationPlatforms) = postSolution
		{62A18290-008D-4652-BBA1-1AB61CD826DA}.Debug|Any CPU.ActiveCfg = Debug|Any CPU
		{62A18290-008D-4652-BBA1-1AB61CD826DA}.Debug|Any CPU.Build.0 = Debug|Any CPU
		{62A18290-008D-4652-BBA1-1AB61CD826DA}.Release|Any CPU.ActiveCfg = Release|Any CPU
		{62A18290-008D-4652-BBA1-1AB61CD826DA}.Release|Any CPU.Build.0 = Release|Any CPU
	EndGlobalSection
	GlobalSection(SolutionProperties) = preSolution
		HideSolutionNode = FALSE
	EndGlobalSection
	GlobalSection(ExtensibilityGlobals) = postSolution
		SolutionGuid = {1838627D-CED3-462A-84BB-11902C22FD22}
	EndGlobalSection
EndGlobal
