
Microsoft Visual Studio Solution File, Format Version 12.00
# Visual Studio Version 17
VisualStudioVersion = 17.11.35312.102
MinimumVisualStudioVersion = 10.0.40219.1
Project("{FAE04EC0-301F-11D3-BF4B-00C04F79EFBC}") = "ValuesAndReferenceType", "ValuesAndReferenceType\ValuesAndReferenceType.csproj", "{B1D361E6-4DA9-4DD0-9795-16047FEAB594}"
EndProject
Global
	GlobalSection(SolutionConfigurationPlatforms) = preSolution
		Debug|Any CPU = Debug|Any CPU
		Release|Any CPU = Release|Any CPU
	EndGlobalSection
	GlobalSection(ProjectConfigurationPlatforms) = postSolution
		{B1D361E6-4DA9-4DD0-9795-16047FEAB594}.Debug|Any CPU.ActiveCfg = Debug|Any CPU
		{B1D361E6-4DA9-4DD0-9795-16047FEAB594}.Debug|Any CPU.Build.0 = Debug|Any CPU
		{B1D361E6-4DA9-4DD0-9795-16047FEAB594}.Release|Any CPU.ActiveCfg = Release|Any CPU
		{B1D361E6-4DA9-4DD0-9795-16047FEAB594}.Release|Any CPU.Build.0 = Release|Any CPU
	EndGlobalSection
	GlobalSection(SolutionProperties) = preSolution
		HideSolutionNode = FALSE
	EndGlobalSection
	GlobalSection(ExtensibilityGlobals) = postSolution
		SolutionGuid = {6A366921-9B34-4E14-BCE7-18D07CD73A28}
	EndGlobalSection
EndGlobal
