
Microsoft Visual Studio Solution File, Format Version 12.00
# Visual Studio Version 17
VisualStudioVersion = 17.13.35919.96
MinimumVisualStudioVersion = 10.0.40219.1
Project("{FAE04EC0-301F-11D3-BF4B-00C04F79EFBC}") = "Wifi.PlaylistEditor.Core", "Wifi.PlaylistEditor.Core\Wifi.PlaylistEditor.Core.csproj", "{10E5370F-D18A-407C-B0A7-4DD3834CA9B1}"
EndProject
Project("{FAE04EC0-301F-11D3-BF4B-00C04F79EFBC}") = "Wifi.PlaylistEditor.Core.Test", "Wifi.PlaylistEditor.Core.Test\Wifi.PlaylistEditor.Core.Test.csproj", "{C012DC65-57F6-424E-9E20-7AAA82153D23}"
EndProject
Project("{FAE04EC0-301F-11D3-BF4B-00C04F79EFBC}") = "Wifi.PlaylistEditor.Repositoriers", "Wifi.PlaylistEditor.Repositoriers\Wifi.PlaylistEditor.Repositoriers.csproj", "{72D30191-1354-4837-87A9-3A9B74AB5992}"
EndProject
Project("{FAE04EC0-301F-11D3-BF4B-00C04F79EFBC}") = "Wifi.PlaylistEditor.Repositoriers.Test", "Wifi.PlaylistEditor.Repositoriers.Test\Wifi.PlaylistEditor.Repositoriers.Test.csproj", "{DDB1A2C4-3755-4BF1-A3C8-5EF513C5D0D0}"
EndProject
Project("{FAE04EC0-301F-11D3-BF4B-00C04F79EFBC}") = "Wifi.PlaylistEditor.Core.PlaylistItems", "Wifi.PlaylistEditor.Core.PlaylistItems\Wifi.PlaylistEditor.Core.PlaylistItems.csproj", "{4DF1F007-6A83-4FDE-8361-0AD44AA082B7}"
EndProject
Project("{FAE04EC0-301F-11D3-BF4B-00C04F79EFBC}") = "Wifi.PlaylistEditor.Core.Factories", "Wifi.PlaylistEditor.Core.Factories\Wifi.PlaylistEditor.Core.Factories.csproj", "{7EB185A8-30AD-412A-935D-872125818AB7}"
EndProject
Project("{FAE04EC0-301F-11D3-BF4B-00C04F79EFBC}") = "Wifi.Playlisteditor", "Wifi.Playlisteditor\Wifi.Playlisteditor.csproj", "{5BA6F996-4941-4A1C-8E3B-DA489219C283}"
EndProject
Global
	GlobalSection(SolutionConfigurationPlatforms) = preSolution
		Debug|Any CPU = Debug|Any CPU
		Release|Any CPU = Release|Any CPU
	EndGlobalSection
	GlobalSection(ProjectConfigurationPlatforms) = postSolution
		{10E5370F-D18A-407C-B0A7-4DD3834CA9B1}.Debug|Any CPU.ActiveCfg = Debug|Any CPU
		{10E5370F-D18A-407C-B0A7-4DD3834CA9B1}.Debug|Any CPU.Build.0 = Debug|Any CPU
		{10E5370F-D18A-407C-B0A7-4DD3834CA9B1}.Release|Any CPU.ActiveCfg = Release|Any CPU
		{10E5370F-D18A-407C-B0A7-4DD3834CA9B1}.Release|Any CPU.Build.0 = Release|Any CPU
		{C012DC65-57F6-424E-9E20-7AAA82153D23}.Debug|Any CPU.ActiveCfg = Debug|Any CPU
		{C012DC65-57F6-424E-9E20-7AAA82153D23}.Debug|Any CPU.Build.0 = Debug|Any CPU
		{C012DC65-57F6-424E-9E20-7AAA82153D23}.Release|Any CPU.ActiveCfg = Release|Any CPU
		{C012DC65-57F6-424E-9E20-7AAA82153D23}.Release|Any CPU.Build.0 = Release|Any CPU
		{72D30191-1354-4837-87A9-3A9B74AB5992}.Debug|Any CPU.ActiveCfg = Debug|Any CPU
		{72D30191-1354-4837-87A9-3A9B74AB5992}.Debug|Any CPU.Build.0 = Debug|Any CPU
		{72D30191-1354-4837-87A9-3A9B74AB5992}.Release|Any CPU.ActiveCfg = Release|Any CPU
		{72D30191-1354-4837-87A9-3A9B74AB5992}.Release|Any CPU.Build.0 = Release|Any CPU
		{DDB1A2C4-3755-4BF1-A3C8-5EF513C5D0D0}.Debug|Any CPU.ActiveCfg = Debug|Any CPU
		{DDB1A2C4-3755-4BF1-A3C8-5EF513C5D0D0}.Debug|Any CPU.Build.0 = Debug|Any CPU
		{DDB1A2C4-3755-4BF1-A3C8-5EF513C5D0D0}.Release|Any CPU.ActiveCfg = Release|Any CPU
		{DDB1A2C4-3755-4BF1-A3C8-5EF513C5D0D0}.Release|Any CPU.Build.0 = Release|Any CPU
		{4DF1F007-6A83-4FDE-8361-0AD44AA082B7}.Debug|Any CPU.ActiveCfg = Debug|Any CPU
		{4DF1F007-6A83-4FDE-8361-0AD44AA082B7}.Debug|Any CPU.Build.0 = Debug|Any CPU
		{4DF1F007-6A83-4FDE-8361-0AD44AA082B7}.Release|Any CPU.ActiveCfg = Release|Any CPU
		{4DF1F007-6A83-4FDE-8361-0AD44AA082B7}.Release|Any CPU.Build.0 = Release|Any CPU
		{7EB185A8-30AD-412A-935D-872125818AB7}.Debug|Any CPU.ActiveCfg = Debug|Any CPU
		{7EB185A8-30AD-412A-935D-872125818AB7}.Debug|Any CPU.Build.0 = Debug|Any CPU
		{7EB185A8-30AD-412A-935D-872125818AB7}.Release|Any CPU.ActiveCfg = Release|Any CPU
		{7EB185A8-30AD-412A-935D-872125818AB7}.Release|Any CPU.Build.0 = Release|Any CPU
		{5BA6F996-4941-4A1C-8E3B-DA489219C283}.Debug|Any CPU.ActiveCfg = Debug|Any CPU
		{5BA6F996-4941-4A1C-8E3B-DA489219C283}.Debug|Any CPU.Build.0 = Debug|Any CPU
		{5BA6F996-4941-4A1C-8E3B-DA489219C283}.Release|Any CPU.ActiveCfg = Release|Any CPU
		{5BA6F996-4941-4A1C-8E3B-DA489219C283}.Release|Any CPU.Build.0 = Release|Any CPU
	EndGlobalSection
	GlobalSection(SolutionProperties) = preSolution
		HideSolutionNode = FALSE
	EndGlobalSection
	GlobalSection(ExtensibilityGlobals) = postSolution
		SolutionGuid = {937062C5-6548-4DB5-AA93-C76B72FF814C}
	EndGlobalSection
EndGlobal
