
Microsoft Visual Studio Solution File, Format Version 12.00
# Visual Studio Version 17
VisualStudioVersion = 17.13.35828.75 d17.13
MinimumVisualStudioVersion = 10.0.40219.1
Project("{FAE04EC0-301F-11D3-BF4B-00C04F79EFBC}") = "HelloWorld", "HelloWorld\HelloWorld.csproj", "{D8B37A56-993D-412A-BFE8-3AA3977B7A4A}"
EndProject
Global
	GlobalSection(SolutionConfigurationPlatforms) = preSolution
		Debug|Any CPU = Debug|Any CPU
		Release|Any CPU = Release|Any CPU
	EndGlobalSection
	GlobalSection(ProjectConfigurationPlatforms) = postSolution
		{D8B37A56-993D-412A-BFE8-3AA3977B7A4A}.Debug|Any CPU.ActiveCfg = Debug|Any CPU
		{D8B37A56-993D-412A-BFE8-3AA3977B7A4A}.Debug|Any CPU.Build.0 = Debug|Any CPU
		{D8B37A56-993D-412A-BFE8-3AA3977B7A4A}.Release|Any CPU.ActiveCfg = Release|Any CPU
		{D8B37A56-993D-412A-BFE8-3AA3977B7A4A}.Release|Any CPU.Build.0 = Release|Any CPU
	EndGlobalSection
	GlobalSection(SolutionProperties) = preSolution
		HideSolutionNode = FALSE
	EndGlobalSection
	GlobalSection(ExtensibilityGlobals) = postSolution
		SolutionGuid = {6EEC1638-AFF9-4080-B269-276D9F4C9FD1}
	EndGlobalSection
EndGlobal
